
Microsoft Visual Studio Solution File, Format Version 12.00
# Visual Studio Version 17
VisualStudioVersion = 17.8.34330.188
MinimumVisualStudioVersion = 10.0.40219.1
Project("{FAE04EC0-301F-11D3-BF4B-00C04F79EFBC}") = "ExcelJson", "ExcelJson\ExcelJson.csproj", "{C55A7C08-CE80-4E69-8603-10FE769499A8}"
EndProject
Global
	GlobalSection(SolutionConfigurationPlatforms) = preSolution
		Debug|Any CPU = Debug|Any CPU
		Release|Any CPU = Release|Any CPU
	EndGlobalSection
	GlobalSection(ProjectConfigurationPlatforms) = postSolution
		{C55A7C08-CE80-4E69-8603-10FE769499A8}.Debug|Any CPU.ActiveCfg = Debug|Any CPU
		{C55A7C08-CE80-4E69-8603-10FE769499A8}.Debug|Any CPU.Build.0 = Debug|Any CPU
		{C55A7C08-CE80-4E69-8603-10FE769499A8}.Release|Any CPU.ActiveCfg = Release|Any CPU
		{C55A7C08-CE80-4E69-8603-10FE769499A8}.Release|Any CPU.Build.0 = Release|Any CPU
	EndGlobalSection
	GlobalSection(SolutionProperties) = preSolution
		HideSolutionNode = FALSE
	EndGlobalSection
	GlobalSection(ExtensibilityGlobals) = postSolution
		SolutionGuid = {56DFA124-DC6C-40A6-90D6-F526CBB5D1A8}
	EndGlobalSection
EndGlobal
